
Microsoft Visual Studio Solution File, Format Version 12.00
# Visual Studio 2013
VisualStudioVersion = 12.0.31101.0
MinimumVisualStudioVersion = 10.0.40219.1
Project("{8BC9CEB8-8B4A-11D0-8D11-00A0C91BC942}") = "Servidor Chien", "Servidor Chien\Servidor Chien.vcxproj", "{84D7F4F2-CA14-4DE9-AF12-CEDD220A9DCD}"
EndProject
Project("{8BC9CEB8-8B4A-11D0-8D11-00A0C91BC942}") = "Shared", "..\..\..\Exemplo 01\Shared\Shared.vcxproj", "{F22C5A94-BC76-4D9B-AFF9-7DE2B60F0D76}"
EndProject
Global
	GlobalSection(SolutionConfigurationPlatforms) = preSolution
		Debug|Win32 = Debug|Win32
		Release|Win32 = Release|Win32
	EndGlobalSection
	GlobalSection(ProjectConfigurationPlatforms) = postSolution
		{84D7F4F2-CA14-4DE9-AF12-CEDD220A9DCD}.Debug|Win32.ActiveCfg = Debug|Win32
		{84D7F4F2-CA14-4DE9-AF12-CEDD220A9DCD}.Debug|Win32.Build.0 = Debug|Win32
		{84D7F4F2-CA14-4DE9-AF12-CEDD220A9DCD}.Release|Win32.ActiveCfg = Release|Win32
		{84D7F4F2-CA14-4DE9-AF12-CEDD220A9DCD}.Release|Win32.Build.0 = Release|Win32
		{F22C5A94-BC76-4D9B-AFF9-7DE2B60F0D76}.Debug|Win32.ActiveCfg = Debug|Win32
		{F22C5A94-BC76-4D9B-AFF9-7DE2B60F0D76}.Debug|Win32.Build.0 = Debug|Win32
		{F22C5A94-BC76-4D9B-AFF9-7DE2B60F0D76}.Release|Win32.ActiveCfg = Release|Win32
		{F22C5A94-BC76-4D9B-AFF9-7DE2B60F0D76}.Release|Win32.Build.0 = Release|Win32
	EndGlobalSection
	GlobalSection(SolutionProperties) = preSolution
		HideSolutionNode = FALSE
	EndGlobalSection
EndGlobal
